<?xml version="1.0" encoding="utf-8"?>
<Project ToolsVersion="4.0" xmlns="http://schemas.microsoft.com/developer/msbuild/2003">
  <ItemGroup>
    <ClInclude Include="All.h" />
    <ClInclude Include="Stopwatch.h" />
    <ClInclude Include="Utils.h" />
    <ClInclude Include="String.hpp" />
    <ClInclude Include="List.h" />
    <ClInclude Include="List.hpp" />
    <ClInclude Include="Dict.hpp" />
    <ClInclude Include="Dict.h" />
    <ClInclude Include="LRUCache.h" />
    <ClInclude Include="LRUCache.hpp" />
    <ClInclude Include="FlatBuffer.h" />
    <ClInclude Include="FlatBuffer.hpp" />
    <ClInclude Include="BufferUtils.h" />
    <ClInclude Include="BufferUtils.hpp" />
    <ClInclude Include="Utils.hpp" />
    <ClInclude Include="BlockBuffer.h" />
    <ClInclude Include="ClassAttributes.h" />
    <ClInclude Include="FlatQueue.h" />
    <ClInclude Include="FlatQueue.hpp" />
    <ClInclude Include="ScopeGuard.h" />
    <ClInclude Include="Cout.h" />
    <ClInclude Include="Cout.hpp" />
    <ClInclude Include="SharedMemory.h" />
    <ClInclude Include="SharedMemory.hpp" />
    <ClInclude Include="SMBuffer.h" />
    <ClInclude Include="SharedPtr.h" />
    <ClInclude Include="OldPool.h" />
    <ClInclude Include="Pool.h" />
    <ClInclude Include="Hash.h" />
    <ClInclude Include="Hash.hpp" />
    <ClInclude Include="String_.h" />
    <ClInclude Include="Cor.h" />
    <ClInclude Include="Links.h" />
    <ClInclude Include="Links.hpp" />
    <ClInclude Include="Singleton.h" />
  </ItemGroup>
  <ItemGroup>
    <ClCompile Include="All.cpp" />
    <ClCompile Include="ftoa.c" />
    <ClCompile Include="Utils.cpp" />
    <ClCompile Include="String.cpp" />
    <ClCompile Include="List.cpp" />
    <ClCompile Include="FlatBuffer.cpp" />
    <ClCompile Include="BufferUtils.cpp" />
    <ClCompile Include="BlockBuffer.cpp" />
    <ClCompile Include="ScopeGuard.cpp" />
    <ClCompile Include="SharedMemory.cpp" />
    <ClCompile Include="SMBuffer.cpp" />
    <ClCompile Include="OldPool.cpp" />
    <ClCompile Include="Pool.cpp" />
  </ItemGroup>
</Project>